
Microsoft Visual Studio Solution File, Format Version 12.00
# Visual Studio Version 16
VisualStudioVersion = 16.0.29409.12
MinimumVisualStudioVersion = 10.0.40219.1
Project("{FAE04EC0-301F-11D3-BF4B-00C04F79EFBC}") = "ProgrammingInCSharp", "ProgrammingInCSharp\ProgrammingInCSharp.csproj", "{0DC47408-9C3F-4F55-9E04-66FA2ED158D3}"
EndProject
Global
	GlobalSection(SolutionConfigurationPlatforms) = preSolution
		Debug|Any CPU = Debug|Any CPU
		Release|Any CPU = Release|Any CPU
	EndGlobalSection
	GlobalSection(ProjectConfigurationPlatforms) = postSolution
		{0DC47408-9C3F-4F55-9E04-66FA2ED158D3}.Debug|Any CPU.ActiveCfg = Debug|Any CPU
		{0DC47408-9C3F-4F55-9E04-66FA2ED158D3}.Debug|Any CPU.Build.0 = Debug|Any CPU
		{0DC47408-9C3F-4F55-9E04-66FA2ED158D3}.Release|Any CPU.ActiveCfg = Release|Any CPU
		{0DC47408-9C3F-4F55-9E04-66FA2ED158D3}.Release|Any CPU.Build.0 = Release|Any CPU
	EndGlobalSection
	GlobalSection(SolutionProperties) = preSolution
		HideSolutionNode = FALSE
	EndGlobalSection
	GlobalSection(ExtensibilityGlobals) = postSolution
		SolutionGuid = {9D2FE9BC-B1BD-4671-BFC7-CF3ABBB7C457}
	EndGlobalSection
EndGlobal
